
Microsoft Visual Studio Solution File, Format Version 12.00
# Visual Studio Version 17
VisualStudioVersion = 17.0.32014.148
MinimumVisualStudioVersion = 10.0.40219.1
Project("{9A19103F-16F7-4668-BE54-9A1E7A4F7556}") = "KevApp.Api", "KevApp\KevApp.Api.csproj", "{4A663CE3-62DA-4F9B-BA6E-17C0ACB101BF}"
EndProject
Project("{9A19103F-16F7-4668-BE54-9A1E7A4F7556}") = "KevApp.Domain", "KevApp.Domain\KevApp.Domain.csproj", "{48D1AE66-0348-4CC8-A5BA-DFAFCB885162}"
EndProject
Project("{9A19103F-16F7-4668-BE54-9A1E7A4F7556}") = "KevApp.Repository", "KevApp.Repository\KevApp.Repository.csproj", "{975DF5D6-35CD-4F13-A093-65E33B2E707E}"
EndProject
Project("{9A19103F-16F7-4668-BE54-9A1E7A4F7556}") = "KevApp.Services", "KevApp.Services\KevApp.Services.csproj", "{02D34A19-381F-4C38-A00B-E3B11526422A}"
EndProject
Global
	GlobalSection(SolutionConfigurationPlatforms) = preSolution
		Debug|Any CPU = Debug|Any CPU
		Release|Any CPU = Release|Any CPU
	EndGlobalSection
	GlobalSection(ProjectConfigurationPlatforms) = postSolution
		{4A663CE3-62DA-4F9B-BA6E-17C0ACB101BF}.Debug|Any CPU.ActiveCfg = Debug|Any CPU
		{4A663CE3-62DA-4F9B-BA6E-17C0ACB101BF}.Debug|Any CPU.Build.0 = Debug|Any CPU
		{4A663CE3-62DA-4F9B-BA6E-17C0ACB101BF}.Release|Any CPU.ActiveCfg = Release|Any CPU
		{4A663CE3-62DA-4F9B-BA6E-17C0ACB101BF}.Release|Any CPU.Build.0 = Release|Any CPU
		{48D1AE66-0348-4CC8-A5BA-DFAFCB885162}.Debug|Any CPU.ActiveCfg = Debug|Any CPU
		{48D1AE66-0348-4CC8-A5BA-DFAFCB885162}.Debug|Any CPU.Build.0 = Debug|Any CPU
		{48D1AE66-0348-4CC8-A5BA-DFAFCB885162}.Release|Any CPU.ActiveCfg = Release|Any CPU
		{48D1AE66-0348-4CC8-A5BA-DFAFCB885162}.Release|Any CPU.Build.0 = Release|Any CPU
		{975DF5D6-35CD-4F13-A093-65E33B2E707E}.Debug|Any CPU.ActiveCfg = Debug|Any CPU
		{975DF5D6-35CD-4F13-A093-65E33B2E707E}.Debug|Any CPU.Build.0 = Debug|Any CPU
		{975DF5D6-35CD-4F13-A093-65E33B2E707E}.Release|Any CPU.ActiveCfg = Release|Any CPU
		{975DF5D6-35CD-4F13-A093-65E33B2E707E}.Release|Any CPU.Build.0 = Release|Any CPU
		{02D34A19-381F-4C38-A00B-E3B11526422A}.Debug|Any CPU.ActiveCfg = Debug|Any CPU
		{02D34A19-381F-4C38-A00B-E3B11526422A}.Debug|Any CPU.Build.0 = Debug|Any CPU
		{02D34A19-381F-4C38-A00B-E3B11526422A}.Release|Any CPU.ActiveCfg = Release|Any CPU
		{02D34A19-381F-4C38-A00B-E3B11526422A}.Release|Any CPU.Build.0 = Release|Any CPU
	EndGlobalSection
	GlobalSection(SolutionProperties) = preSolution
		HideSolutionNode = FALSE
	EndGlobalSection
	GlobalSection(ExtensibilityGlobals) = postSolution
		SolutionGuid = {05477231-F530-4CF7-A710-7C28F630B9A9}
	EndGlobalSection
EndGlobal
