
Microsoft Visual Studio Solution File, Format Version 12.00
# Visual Studio Version 17
VisualStudioVersion = 17.0.32014.148
MinimumVisualStudioVersion = 10.0.40219.1
Project("{FAE04EC0-301F-11D3-BF4B-00C04F79EFBC}") = "WenasRoomForRent.Api", "WenasRoomForRent\WenasRoomForRent.Api.csproj", "{4A663CE3-62DA-4F9B-BA6E-17C0ACB101BF}"
EndProject
Project("{FAE04EC0-301F-11D3-BF4B-00C04F79EFBC}") = "WenasRoomForRent.Services", "WenasRoomForRent.Services\WenasRoomForRent.Services.csproj", "{064C9704-3F7B-46DF-8398-B245E7F8BFBF}"
EndProject
Project("{FAE04EC0-301F-11D3-BF4B-00C04F79EFBC}") = "WenasRoomForRent.Domain", "WenasRoomForRent.Domain\WenasRoomForRent.Domain.csproj", "{290DD329-1158-41FF-8ECE-A09688104C6C}"
EndProject
Project("{FAE04EC0-301F-11D3-BF4B-00C04F79EFBC}") = "WenasRoomForRent.Repository", "WenasRoomForRent.Repository\WenasRoomForRent.Repository.csproj", "{29DD9E15-7CF5-4A72-9B8F-5D4751279C09}"
EndProject
Global
	GlobalSection(SolutionConfigurationPlatforms) = preSolution
		Debug|Any CPU = Debug|Any CPU
		Release|Any CPU = Release|Any CPU
	EndGlobalSection
	GlobalSection(ProjectConfigurationPlatforms) = postSolution
		{4A663CE3-62DA-4F9B-BA6E-17C0ACB101BF}.Debug|Any CPU.ActiveCfg = Debug|Any CPU
		{4A663CE3-62DA-4F9B-BA6E-17C0ACB101BF}.Debug|Any CPU.Build.0 = Debug|Any CPU
		{4A663CE3-62DA-4F9B-BA6E-17C0ACB101BF}.Release|Any CPU.ActiveCfg = Release|Any CPU
		{4A663CE3-62DA-4F9B-BA6E-17C0ACB101BF}.Release|Any CPU.Build.0 = Release|Any CPU
		{064C9704-3F7B-46DF-8398-B245E7F8BFBF}.Debug|Any CPU.ActiveCfg = Debug|Any CPU
		{064C9704-3F7B-46DF-8398-B245E7F8BFBF}.Debug|Any CPU.Build.0 = Debug|Any CPU
		{064C9704-3F7B-46DF-8398-B245E7F8BFBF}.Release|Any CPU.ActiveCfg = Release|Any CPU
		{064C9704-3F7B-46DF-8398-B245E7F8BFBF}.Release|Any CPU.Build.0 = Release|Any CPU
		{290DD329-1158-41FF-8ECE-A09688104C6C}.Debug|Any CPU.ActiveCfg = Debug|Any CPU
		{290DD329-1158-41FF-8ECE-A09688104C6C}.Debug|Any CPU.Build.0 = Debug|Any CPU
		{290DD329-1158-41FF-8ECE-A09688104C6C}.Release|Any CPU.ActiveCfg = Release|Any CPU
		{290DD329-1158-41FF-8ECE-A09688104C6C}.Release|Any CPU.Build.0 = Release|Any CPU
		{29DD9E15-7CF5-4A72-9B8F-5D4751279C09}.Debug|Any CPU.ActiveCfg = Debug|Any CPU
		{29DD9E15-7CF5-4A72-9B8F-5D4751279C09}.Debug|Any CPU.Build.0 = Debug|Any CPU
		{29DD9E15-7CF5-4A72-9B8F-5D4751279C09}.Release|Any CPU.ActiveCfg = Release|Any CPU
		{29DD9E15-7CF5-4A72-9B8F-5D4751279C09}.Release|Any CPU.Build.0 = Release|Any CPU
	EndGlobalSection
	GlobalSection(SolutionProperties) = preSolution
		HideSolutionNode = FALSE
	EndGlobalSection
	GlobalSection(ExtensibilityGlobals) = postSolution
		SolutionGuid = {05477231-F530-4CF7-A710-7C28F630B9A9}
	EndGlobalSection
EndGlobal
